// !$*UTF8*$!
{
	archiveVersion = 1;
	classes = {
	};
	objectVersion = 48;
	objects = {

/* Begin PBXBuildFile section */
		223012DD255CDA2E00BC6CE5 /* SceneDelegate.swift in Sources */ = {isa = PBXBuildFile; fileRef = 223012DC255CDA2E00BC6CE5 /* SceneDelegate.swift */; };
		226D815C20151E3500FF0C11 /* AppDelegate.swift in Sources */ = {isa = PBXBuildFile; fileRef = 226D815B20151E3500FF0C11 /* AppDelegate.swift */; };
		226D816320151E3500FF0C11 /* Assets.xcassets in Resources */ = {isa = PBXBuildFile; fileRef = 226D816220151E3500FF0C11 /* Assets.xcassets */; };
		226D816620151E3500FF0C11 /* LaunchScreen.storyboard in Resources */ = {isa = PBXBuildFile; fileRef = 226D816420151E3500FF0C11 /* LaunchScreen.storyboard */; };
		226D81732015268900FF0C11 /* TrendsTableViewController.swift in Sources */ = {isa = PBXBuildFile; fileRef = 226D81722015268900FF0C11 /* TrendsTableViewController.swift */; };
		226D8175201526DB00FF0C11 /* TrendTableViewCell.swift in Sources */ = {isa = PBXBuildFile; fileRef = 226D8174201526DB00FF0C11 /* TrendTableViewCell.swift */; };
		226D81822015696600FF0C11 /* APIService.swift in Sources */ = {isa = PBXBuildFile; fileRef = 226D817F2015696600FF0C11 /* APIService.swift */; };
		226D81832015696600FF0C11 /* ServiceFactory.swift in Sources */ = {isa = PBXBuildFile; fileRef = 226D81802015696600FF0C11 /* ServiceFactory.swift */; };
		226D81842015696600FF0C11 /* Bootstrapper.swift in Sources */ = {isa = PBXBuildFile; fileRef = 226D81812015696600FF0C11 /* Bootstrapper.swift */; };
		226D81882015706000FF0C11 /* Repository.swift in Sources */ = {isa = PBXBuildFile; fileRef = 226D81872015706000FF0C11 /* Repository.swift */; };
		226D818B201576F600FF0C11 /* RepositoryRouter.swift in Sources */ = {isa = PBXBuildFile; fileRef = 226D818A201576F600FF0C11 /* RepositoryRouter.swift */; };
		226D818D2015773400FF0C11 /* RouterProtocol.swift in Sources */ = {isa = PBXBuildFile; fileRef = 226D818C2015773400FF0C11 /* RouterProtocol.swift */; };
		226D818F201577AF00FF0C11 /* Extensions.swift in Sources */ = {isa = PBXBuildFile; fileRef = 226D818E201577AF00FF0C11 /* Extensions.swift */; };
		229A919A255B673F008CB931 /* Owner.swift in Sources */ = {isa = PBXBuildFile; fileRef = 229A9199255B673F008CB931 /* Owner.swift */; };
		229A91D9255B7FCF008CB931 /* DataAccessService.swift in Sources */ = {isa = PBXBuildFile; fileRef = 229A91D8255B7FCF008CB931 /* DataAccessService.swift */; };
		229A91EA255B8199008CB931 /* DatabaseService.swift in Sources */ = {isa = PBXBuildFile; fileRef = 229A91E9255B8199008CB931 /* DatabaseService.swift */; };
		229A91F1255B85C4008CB931 /* DataAccessRequestConvertible.swift in Sources */ = {isa = PBXBuildFile; fileRef = 229A91F0255B85C4008CB931 /* DataAccessRequestConvertible.swift */; };
		229A91F4255B8679008CB931 /* Response.swift in Sources */ = {isa = PBXBuildFile; fileRef = 229A91F3255B8679008CB931 /* Response.swift */; };
		229A91F8255B8F87008CB931 /* RepositoryDataAccessor.swift in Sources */ = {isa = PBXBuildFile; fileRef = 229A91F7255B8F87008CB931 /* RepositoryDataAccessor.swift */; };
		E07C085BF5CB2B6A5E13C3A4 /* Pods_Github_Trends.framework in Frameworks */ = {isa = PBXBuildFile; fileRef = 2DDD5B9FDE1DFFE1888953A9 /* Pods_Github_Trends.framework */; };
/* End PBXBuildFile section */

/* Begin PBXFileReference section */
		223012DC255CDA2E00BC6CE5 /* SceneDelegate.swift */ = {isa = PBXFileReference; fileEncoding = 4; lastKnownFileType = sourcecode.swift; path = SceneDelegate.swift; sourceTree = "<group>"; };
		226D815820151E3500FF0C11 /* Github Trends.app */ = {isa = PBXFileReference; explicitFileType = wrapper.application; includeInIndex = 0; path = "Github Trends.app"; sourceTree = BUILT_PRODUCTS_DIR; };
		226D815B20151E3500FF0C11 /* AppDelegate.swift */ = {isa = PBXFileReference; lastKnownFileType = sourcecode.swift; path = AppDelegate.swift; sourceTree = "<group>"; };
		226D816220151E3500FF0C11 /* Assets.xcassets */ = {isa = PBXFileReference; lastKnownFileType = folder.assetcatalog; path = Assets.xcassets; sourceTree = "<group>"; };
		226D816520151E3500FF0C11 /* Base */ = {isa = PBXFileReference; lastKnownFileType = file.storyboard; name = Base; path = Base.lproj/LaunchScreen.storyboard; sourceTree = "<group>"; };
		226D816720151E3500FF0C11 /* Info.plist */ = {isa = PBXFileReference; lastKnownFileType = text.plist.xml; path = Info.plist; sourceTree = "<group>"; };
		226D81722015268900FF0C11 /* TrendsTableViewController.swift */ = {isa = PBXFileReference; fileEncoding = 4; lastKnownFileType = sourcecode.swift; path = TrendsTableViewController.swift; sourceTree = "<group>"; };
		226D8174201526DB00FF0C11 /* TrendTableViewCell.swift */ = {isa = PBXFileReference; lastKnownFileType = sourcecode.swift; path = TrendTableViewCell.swift; sourceTree = "<group>"; };
		226D817F2015696600FF0C11 /* APIService.swift */ = {isa = PBXFileReference; fileEncoding = 4; lastKnownFileType = sourcecode.swift; path = APIService.swift; sourceTree = "<group>"; };
		226D81802015696600FF0C11 /* ServiceFactory.swift */ = {isa = PBXFileReference; fileEncoding = 4; lastKnownFileType = sourcecode.swift; path = ServiceFactory.swift; sourceTree = "<group>"; };
		226D81812015696600FF0C11 /* Bootstrapper.swift */ = {isa = PBXFileReference; fileEncoding = 4; lastKnownFileType = sourcecode.swift; path = Bootstrapper.swift; sourceTree = "<group>"; };
		226D81872015706000FF0C11 /* Repository.swift */ = {isa = PBXFileReference; lastKnownFileType = sourcecode.swift; path = Repository.swift; sourceTree = "<group>"; };
		226D818A201576F600FF0C11 /* RepositoryRouter.swift */ = {isa = PBXFileReference; lastKnownFileType = sourcecode.swift; path = RepositoryRouter.swift; sourceTree = "<group>"; };
		226D818C2015773400FF0C11 /* RouterProtocol.swift */ = {isa = PBXFileReference; fileEncoding = 4; lastKnownFileType = sourcecode.swift; path = RouterProtocol.swift; sourceTree = "<group>"; };
		226D818E201577AF00FF0C11 /* Extensions.swift */ = {isa = PBXFileReference; fileEncoding = 4; lastKnownFileType = sourcecode.swift; path = Extensions.swift; sourceTree = "<group>"; };
		229A9199255B673F008CB931 /* Owner.swift */ = {isa = PBXFileReference; lastKnownFileType = sourcecode.swift; path = Owner.swift; sourceTree = "<group>"; };
		229A91D8255B7FCF008CB931 /* DataAccessService.swift */ = {isa = PBXFileReference; lastKnownFileType = sourcecode.swift; path = DataAccessService.swift; sourceTree = "<group>"; };
		229A91E9255B8199008CB931 /* DatabaseService.swift */ = {isa = PBXFileReference; lastKnownFileType = sourcecode.swift; path = DatabaseService.swift; sourceTree = "<group>"; };
		229A91F0255B85C4008CB931 /* DataAccessRequestConvertible.swift */ = {isa = PBXFileReference; lastKnownFileType = sourcecode.swift; path = DataAccessRequestConvertible.swift; sourceTree = "<group>"; };
		229A91F3255B8679008CB931 /* Response.swift */ = {isa = PBXFileReference; lastKnownFileType = sourcecode.swift; path = Response.swift; sourceTree = "<group>"; };
		229A91F7255B8F87008CB931 /* RepositoryDataAccessor.swift */ = {isa = PBXFileReference; lastKnownFileType = sourcecode.swift; path = RepositoryDataAccessor.swift; sourceTree = "<group>"; };
		2DDD5B9FDE1DFFE1888953A9 /* Pods_Github_Trends.framework */ = {isa = PBXFileReference; explicitFileType = wrapper.framework; includeInIndex = 0; path = Pods_Github_Trends.framework; sourceTree = BUILT_PRODUCTS_DIR; };
		46B4C1C44442EC73E45B8116 /* Pods-Github Trends.debug.xcconfig */ = {isa = PBXFileReference; includeInIndex = 1; lastKnownFileType = text.xcconfig; name = "Pods-Github Trends.debug.xcconfig"; path = "Target Support Files/Pods-Github Trends/Pods-Github Trends.debug.xcconfig"; sourceTree = "<group>"; };
		FC20CCA9FA43A4D08C0D88B2 /* Pods-Github Trends.release.xcconfig */ = {isa = PBXFileReference; includeInIndex = 1; lastKnownFileType = text.xcconfig; name = "Pods-Github Trends.release.xcconfig"; path = "Target Support Files/Pods-Github Trends/Pods-Github Trends.release.xcconfig"; sourceTree = "<group>"; };
/* End PBXFileReference section */

/* Begin PBXFrameworksBuildPhase section */
		226D815520151E3500FF0C11 /* Frameworks */ = {
			isa = PBXFrameworksBuildPhase;
			buildActionMask = 2147483647;
			files = (
				E07C085BF5CB2B6A5E13C3A4 /* Pods_Github_Trends.framework in Frameworks */,
			);
			runOnlyForDeploymentPostprocessing = 0;
		};
/* End PBXFrameworksBuildPhase section */

/* Begin PBXGroup section */
		226D814F20151E3500FF0C11 = {
			isa = PBXGroup;
			children = (
				226D815A20151E3500FF0C11 /* Github Trends */,
				226D815920151E3500FF0C11 /* Products */,
				D141B7FF47E5B740C2B0FA34 /* Pods */,
				F0FA0C7908ADE7E4A3FF232C /* Frameworks */,
			);
			sourceTree = "<group>";
		};
		226D815920151E3500FF0C11 /* Products */ = {
			isa = PBXGroup;
			children = (
				226D815820151E3500FF0C11 /* Github Trends.app */,
			);
			name = Products;
			sourceTree = "<group>";
		};
		226D815A20151E3500FF0C11 /* Github Trends */ = {
			isa = PBXGroup;
			children = (
				226D815B20151E3500FF0C11 /* AppDelegate.swift */,
				223012DC255CDA2E00BC6CE5 /* SceneDelegate.swift */,
				226D817E2015696600FF0C11 /* Services */,
				226D81712015266400FF0C11 /* View Controller */,
				226D8189201576E900FF0C11 /* Networking */,
				226D816D2015262200FF0C11 /* Model */,
				226D818E201577AF00FF0C11 /* Extensions.swift */,
				226D816220151E3500FF0C11 /* Assets.xcassets */,
				226D816420151E3500FF0C11 /* LaunchScreen.storyboard */,
				226D816720151E3500FF0C11 /* Info.plist */,
			);
			path = "Github Trends";
			sourceTree = "<group>";
		};
		226D816D2015262200FF0C11 /* Model */ = {
			isa = PBXGroup;
			children = (
				226D81872015706000FF0C11 /* Repository.swift */,
				229A9199255B673F008CB931 /* Owner.swift */,
			);
			path = Model;
			sourceTree = "<group>";
		};
		226D81712015266400FF0C11 /* View Controller */ = {
			isa = PBXGroup;
			children = (
				226D81722015268900FF0C11 /* TrendsTableViewController.swift */,
				226D8174201526DB00FF0C11 /* TrendTableViewCell.swift */,
			);
			path = "View Controller";
			sourceTree = "<group>";
		};
		226D817E2015696600FF0C11 /* Services */ = {
			isa = PBXGroup;
			children = (
				226D81802015696600FF0C11 /* ServiceFactory.swift */,
				226D81812015696600FF0C11 /* Bootstrapper.swift */,
				226D817F2015696600FF0C11 /* APIService.swift */,
				229A91D8255B7FCF008CB931 /* DataAccessService.swift */,
				229A91E9255B8199008CB931 /* DatabaseService.swift */,
			);
			path = Services;
			sourceTree = "<group>";
		};
		226D8189201576E900FF0C11 /* Networking */ = {
			isa = PBXGroup;
			children = (
				226D818C2015773400FF0C11 /* RouterProtocol.swift */,
				229A91F0255B85C4008CB931 /* DataAccessRequestConvertible.swift */,
				229A91F3255B8679008CB931 /* Response.swift */,
				229A91F7255B8F87008CB931 /* RepositoryDataAccessor.swift */,
				226D818A201576F600FF0C11 /* RepositoryRouter.swift */,
			);
			path = Networking;
			sourceTree = "<group>";
		};
		D141B7FF47E5B740C2B0FA34 /* Pods */ = {
			isa = PBXGroup;
			children = (
				46B4C1C44442EC73E45B8116 /* Pods-Github Trends.debug.xcconfig */,
				FC20CCA9FA43A4D08C0D88B2 /* Pods-Github Trends.release.xcconfig */,
			);
			path = Pods;
			sourceTree = "<group>";
		};
		F0FA0C7908ADE7E4A3FF232C /* Frameworks */ = {
			isa = PBXGroup;
			children = (
				2DDD5B9FDE1DFFE1888953A9 /* Pods_Github_Trends.framework */,
			);
			name = Frameworks;
			sourceTree = "<group>";
		};
/* End PBXGroup section */

/* Begin PBXNativeTarget section */
		226D815720151E3500FF0C11 /* Github Trends */ = {
			isa = PBXNativeTarget;
			buildConfigurationList = 226D816A20151E3500FF0C11 /* Build configuration list for PBXNativeTarget "Github Trends" */;
			buildPhases = (
				A3098B179768BD95F3FD8B9F /* [CP] Check Pods Manifest.lock */,
				226D815420151E3500FF0C11 /* Sources */,
				226D815520151E3500FF0C11 /* Frameworks */,
				226D815620151E3500FF0C11 /* Resources */,
				4A37191F19317041E242C929 /* [CP] Embed Pods Frameworks */,
			);
			buildRules = (
			);
			dependencies = (
			);
			name = "Github Trends";
			productName = "Github Trends";
			productReference = 226D815820151E3500FF0C11 /* Github Trends.app */;
			productType = "com.apple.product-type.application";
		};
/* End PBXNativeTarget section */

/* Begin PBXProject section */
		226D815020151E3500FF0C11 /* Project object */ = {
			isa = PBXProject;
			attributes = {
				LastSwiftUpdateCheck = 0910;
				LastUpgradeCheck = 1210;
				ORGANIZATIONNAME = "Samuel Tremblay";
				TargetAttributes = {
					226D815720151E3500FF0C11 = {
						CreatedOnToolsVersion = 9.1;
						ProvisioningStyle = Automatic;
					};
				};
			};
			buildConfigurationList = 226D815320151E3500FF0C11 /* Build configuration list for PBXProject "Github Trends" */;
			compatibilityVersion = "Xcode 8.0";
			developmentRegion = en;
			hasScannedForEncodings = 0;
			knownRegions = (
				en,
				Base,
			);
			mainGroup = 226D814F20151E3500FF0C11;
			productRefGroup = 226D815920151E3500FF0C11 /* Products */;
			projectDirPath = "";
			projectRoot = "";
			targets = (
				226D815720151E3500FF0C11 /* Github Trends */,
			);
		};
/* End PBXProject section */

/* Begin PBXResourcesBuildPhase section */
		226D815620151E3500FF0C11 /* Resources */ = {
			isa = PBXResourcesBuildPhase;
			buildActionMask = 2147483647;
			files = (
				226D816620151E3500FF0C11 /* LaunchScreen.storyboard in Resources */,
				226D816320151E3500FF0C11 /* Assets.xcassets in Resources */,
			);
			runOnlyForDeploymentPostprocessing = 0;
		};
/* End PBXResourcesBuildPhase section */

/* Begin PBXShellScriptBuildPhase section */
		4A37191F19317041E242C929 /* [CP] Embed Pods Frameworks */ = {
			isa = PBXShellScriptBuildPhase;
			buildActionMask = 2147483647;
			files = (
			);
			inputPaths = (
				"${PODS_ROOT}/Target Support Files/Pods-Github Trends/Pods-Github Trends-frameworks.sh",
				"${BUILT_PRODUCTS_DIR}/Alamofire/Alamofire.framework",
				"${BUILT_PRODUCTS_DIR}/AlamofireCodable/AlamofireCodable.framework",
				"${BUILT_PRODUCTS_DIR}/AlamofireImage/AlamofireImage.framework",
				"${BUILT_PRODUCTS_DIR}/AlamofireRSSParser/AlamofireRSSParser.framework",
				"${BUILT_PRODUCTS_DIR}/AlamofireSwiftyJSON/AlamofireSwiftyJSON.framework",
				"${BUILT_PRODUCTS_DIR}/MarkdownView/MarkdownView.framework",
				"${BUILT_PRODUCTS_DIR}/Realm/Realm.framework",
				"${BUILT_PRODUCTS_DIR}/RealmSwift/RealmSwift.framework",
				"${BUILT_PRODUCTS_DIR}/SVProgressHUD/SVProgressHUD.framework",
				"${BUILT_PRODUCTS_DIR}/SwiftyJSON/SwiftyJSON.framework",
				"${BUILT_PRODUCTS_DIR}/Swinject/Swinject.framework",
			);
			name = "[CP] Embed Pods Frameworks";
			outputPaths = (
				"${TARGET_BUILD_DIR}/${FRAMEWORKS_FOLDER_PATH}/Alamofire.framework",
				"${TARGET_BUILD_DIR}/${FRAMEWORKS_FOLDER_PATH}/AlamofireCodable.framework",
				"${TARGET_BUILD_DIR}/${FRAMEWORKS_FOLDER_PATH}/AlamofireImage.framework",
				"${TARGET_BUILD_DIR}/${FRAMEWORKS_FOLDER_PATH}/AlamofireRSSParser.framework",
				"${TARGET_BUILD_DIR}/${FRAMEWORKS_FOLDER_PATH}/AlamofireSwiftyJSON.framework",
				"${TARGET_BUILD_DIR}/${FRAMEWORKS_FOLDER_PATH}/MarkdownView.framework",
				"${TARGET_BUILD_DIR}/${FRAMEWORKS_FOLDER_PATH}/Realm.framework",
				"${TARGET_BUILD_DIR}/${FRAMEWORKS_FOLDER_PATH}/RealmSwift.framework",
				"${TARGET_BUILD_DIR}/${FRAMEWORKS_FOLDER_PATH}/SVProgressHUD.framework",
				"${TARGET_BUILD_DIR}/${FRAMEWORKS_FOLDER_PATH}/SwiftyJSON.framework",
				"${TARGET_BUILD_DIR}/${FRAMEWORKS_FOLDER_PATH}/Swinject.framework",
			);
			runOnlyForDeploymentPostprocessing = 0;
			shellPath = /bin/sh;
			shellScript = "\"${PODS_ROOT}/Target Support Files/Pods-Github Trends/Pods-Github Trends-frameworks.sh\"\n";
			showEnvVarsInLog = 0;
		};
		A3098B179768BD95F3FD8B9F /* [CP] Check Pods Manifest.lock */ = {
			isa = PBXShellScriptBuildPhase;
			buildActionMask = 2147483647;
			files = (
			);
			inputFileListPaths = (
			);
			inputPaths = (
				"${PODS_PODFILE_DIR_PATH}/Podfile.lock",
				"${PODS_ROOT}/Manifest.lock",
			);
			name = "[CP] Check Pods Manifest.lock";
			outputFileListPaths = (
			);
			outputPaths = (
				"$(DERIVED_FILE_DIR)/Pods-Github Trends-checkManifestLockResult.txt",
			);
			runOnlyForDeploymentPostprocessing = 0;
			shellPath = /bin/sh;
			shellScript = "diff \"${PODS_PODFILE_DIR_PATH}/Podfile.lock\" \"${PODS_ROOT}/Manifest.lock\" > /dev/null\nif [ $? != 0 ] ; then\n    # print error to STDERR\n    echo \"error: The sandbox is not in sync with the Podfile.lock. Run 'pod install' or update your CocoaPods installation.\" >&2\n    exit 1\nfi\n# This output is used by Xcode 'outputs' to avoid re-running this script phase.\necho \"SUCCESS\" > \"${SCRIPT_OUTPUT_FILE_0}\"\n";
			showEnvVarsInLog = 0;
		};
/* End PBXShellScriptBuildPhase section */

/* Begin PBXSourcesBuildPhase section */
		226D815420151E3500FF0C11 /* Sources */ = {
			isa = PBXSourcesBuildPhase;
			buildActionMask = 2147483647;
			files = (
				229A91EA255B8199008CB931 /* DatabaseService.swift in Sources */,
				226D81832015696600FF0C11 /* ServiceFactory.swift in Sources */,
				226D818B201576F600FF0C11 /* RepositoryRouter.swift in Sources */,
				226D818D2015773400FF0C11 /* RouterProtocol.swift in Sources */,
				229A91F4255B8679008CB931 /* Response.swift in Sources */,
				223012DD255CDA2E00BC6CE5 /* SceneDelegate.swift in Sources */,
				229A91F8255B8F87008CB931 /* RepositoryDataAccessor.swift in Sources */,
				229A91F1255B85C4008CB931 /* DataAccessRequestConvertible.swift in Sources */,
				226D81822015696600FF0C11 /* APIService.swift in Sources */,
				226D81882015706000FF0C11 /* Repository.swift in Sources */,
				226D815C20151E3500FF0C11 /* AppDelegate.swift in Sources */,
				226D81732015268900FF0C11 /* TrendsTableViewController.swift in Sources */,
				226D81842015696600FF0C11 /* Bootstrapper.swift in Sources */,
				226D818F201577AF00FF0C11 /* Extensions.swift in Sources */,
				229A919A255B673F008CB931 /* Owner.swift in Sources */,
				226D8175201526DB00FF0C11 /* TrendTableViewCell.swift in Sources */,
				229A91D9255B7FCF008CB931 /* DataAccessService.swift in Sources */,
			);
			runOnlyForDeploymentPostprocessing = 0;
		};
/* End PBXSourcesBuildPhase section */

/* Begin PBXVariantGroup section */
		226D816420151E3500FF0C11 /* LaunchScreen.storyboard */ = {
			isa = PBXVariantGroup;
			children = (
				226D816520151E3500FF0C11 /* Base */,
			);
			name = LaunchScreen.storyboard;
			sourceTree = "<group>";
		};
/* End PBXVariantGroup section */

/* Begin XCBuildConfiguration section */
		226D816820151E3500FF0C11 /* Debug */ = {
			isa = XCBuildConfiguration;
			buildSettings = {
				ALWAYS_SEARCH_USER_PATHS = NO;
				CLANG_ANALYZER_NONNULL = YES;
				CLANG_ANALYZER_NUMBER_OBJECT_CONVERSION = YES_AGGRESSIVE;
				CLANG_CXX_LANGUAGE_STANDARD = "gnu++14";
				CLANG_CXX_LIBRARY = "libc++";
				CLANG_ENABLE_MODULES = YES;
				CLANG_ENABLE_OBJC_ARC = YES;
				CLANG_WARN_BLOCK_CAPTURE_AUTORELEASING = YES;
				CLANG_WARN_BOOL_CONVERSION = YES;
				CLANG_WARN_COMMA = YES;
				CLANG_WARN_CONSTANT_CONVERSION = YES;
				CLANG_WARN_DIRECT_OBJC_ISA_USAGE = YES_ERROR;
				CLANG_WARN_DOCUMENTATION_COMMENTS = YES;
				CLANG_WARN_EMPTY_BODY = YES;
				CLANG_WARN_ENUM_CONVERSION = YES;
				CLANG_WARN_INFINITE_RECURSION = YES;
				CLANG_WARN_INT_CONVERSION = YES;
				CLANG_WARN_NON_LITERAL_NULL_CONVERSION = YES;
				CLANG_WARN_OBJC_LITERAL_CONVERSION = YES;
				CLANG_WARN_OBJC_ROOT_CLASS = YES_ERROR;
				CLANG_WARN_RANGE_LOOP_ANALYSIS = YES;
				CLANG_WARN_STRICT_PROTOTYPES = YES;
				CLANG_WARN_SUSPICIOUS_MOVE = YES;
				CLANG_WARN_UNGUARDED_AVAILABILITY = YES_AGGRESSIVE;
				CLANG_WARN_UNREACHABLE_CODE = YES;
				CLANG_WARN__DUPLICATE_METHOD_MATCH = YES;
				CODE_SIGN_IDENTITY = "iPhone Developer";
				COPY_PHASE_STRIP = NO;
				DEBUG_INFORMATION_FORMAT = dwarf;
				ENABLE_STRICT_OBJC_MSGSEND = YES;
				ENABLE_TESTABILITY = YES;
				GCC_C_LANGUAGE_STANDARD = gnu11;
				GCC_DYNAMIC_NO_PIC = NO;
				GCC_NO_COMMON_BLOCKS = YES;
				GCC_OPTIMIZATION_LEVEL = 0;
				GCC_PREPROCESSOR_DEFINITIONS = (
					"DEBUG=1",
					"$(inherited)",
				);
				GCC_WARN_64_TO_32_BIT_CONVERSION = YES;
				GCC_WARN_ABOUT_RETURN_TYPE = YES_ERROR;
				GCC_WARN_UNDECLARED_SELECTOR = YES;
				GCC_WARN_UNINITIALIZED_AUTOS = YES_AGGRESSIVE;
				GCC_WARN_UNUSED_FUNCTION = YES;
				GCC_WARN_UNUSED_VARIABLE = YES;
				IPHONEOS_DEPLOYMENT_TARGET = 11.1;
				MTL_ENABLE_DEBUG_INFO = YES;
				ONLY_ACTIVE_ARCH = YES;
				SDKROOT = iphoneos;
				SWIFT_ACTIVE_COMPILATION_CONDITIONS = DEBUG;
				SWIFT_OPTIMIZATION_LEVEL = "-Onone";
				SWIFT_VERSION = 5.0;
			};
			name = Debug;
		};
		226D816920151E3500FF0C11 /* Release */ = {
			isa = XCBuildConfiguration;
			buildSettings = {
				ALWAYS_SEARCH_USER_PATHS = NO;
				CLANG_ANALYZER_NONNULL = YES;
				CLANG_ANALYZER_NUMBER_OBJECT_CONVERSION = YES_AGGRESSIVE;
				CLANG_CXX_LANGUAGE_STANDARD = "gnu++14";
				CLANG_CXX_LIBRARY = "libc++";
				CLANG_ENABLE_MODULES = YES;
				CLANG_ENABLE_OBJC_ARC = YES;
				CLANG_WARN_BLOCK_CAPTURE_AUTORELEASING = YES;
				CLANG_WARN_BOOL_CONVERSION = YES;
				CLANG_WARN_COMMA = YES;
				CLANG_WARN_CONSTANT_CONVERSION = YES;
				CLANG_WARN_DIRECT_OBJC_ISA_USAGE = YES_ERROR;
				CLANG_WARN_DOCUMENTATION_COMMENTS = YES;
				CLANG_WARN_EMPTY_BODY = YES;
				CLANG_WARN_ENUM_CONVERSION = YES;
				CLANG_WARN_INFINITE_RECURSION = YES;
				CLANG_WARN_INT_CONVERSION = YES;
				CLANG_WARN_NON_LITERAL_NULL_CONVERSION = YES;
				CLANG_WARN_OBJC_LITERAL_CONVERSION = YES;
				CLANG_WARN_OBJC_ROOT_CLASS = YES_ERROR;
				CLANG_WARN_RANGE_LOOP_ANALYSIS = YES;
				CLANG_WARN_STRICT_PROTOTYPES = YES;
				CLANG_WARN_SUSPICIOUS_MOVE = YES;
				CLANG_WARN_UNGUARDED_AVAILABILITY = YES_AGGRESSIVE;
				CLANG_WARN_UNREACHABLE_CODE = YES;
				CLANG_WARN__DUPLICATE_METHOD_MATCH = YES;
				CODE_SIGN_IDENTITY = "iPhone Developer";
				COPY_PHASE_STRIP = NO;
				DEBUG_INFORMATION_FORMAT = "dwarf-with-dsym";
				ENABLE_NS_ASSERTIONS = NO;
				ENABLE_STRICT_OBJC_MSGSEND = YES;
				GCC_C_LANGUAGE_STANDARD = gnu11;
				GCC_NO_COMMON_BLOCKS = YES;
				GCC_WARN_64_TO_32_BIT_CONVERSION = YES;
				GCC_WARN_ABOUT_RETURN_TYPE = YES_ERROR;
				GCC_WARN_UNDECLARED_SELECTOR = YES;
				GCC_WARN_UNINITIALIZED_AUTOS = YES_AGGRESSIVE;
				GCC_WARN_UNUSED_FUNCTION = YES;
				GCC_WARN_UNUSED_VARIABLE = YES;
				IPHONEOS_DEPLOYMENT_TARGET = 11.1;
				MTL_ENABLE_DEBUG_INFO = NO;
				SDKROOT = iphoneos;
				SWIFT_OPTIMIZATION_LEVEL = "-Owholemodule";
				SWIFT_VERSION = 5.0;
				VALIDATE_PRODUCT = YES;
			};
			name = Release;
		};
		226D816B20151E3500FF0C11 /* Debug */ = {
			isa = XCBuildConfiguration;
			baseConfigurationReference = 46B4C1C44442EC73E45B8116 /* Pods-Github Trends.debug.xcconfig */;
			buildSettings = {
				API_BASE_URL = "https://api.github.com/";
				ASSETCATALOG_COMPILER_APPICON_NAME = AppIcon;
				CODE_SIGN_STYLE = Automatic;
				DEVELOPMENT_TEAM = SQ3X9ZKRV4;
				GITHUB_DAILY_TRENDING_URL = "http://github-trends.ryotarai.info/rss/github_trends_all_daily.rss";
				GITHUB_PERSONAL_TOKEN = "< INSERT YOUR TOKEN HERE >";
				INFOPLIST_FILE = "Github Trends/Info.plist";
				IPHONEOS_DEPLOYMENT_TARGET = 14.1;
				LD_RUNPATH_SEARCH_PATHS = "$(inherited) @executable_path/Frameworks";
				PRODUCT_BUNDLE_IDENTIFIER = "com.SamuelTremblay.Github-Trends";
				PRODUCT_NAME = "$(TARGET_NAME)";
				SWIFT_VERSION = 5.0;
				TARGETED_DEVICE_FAMILY = "1,2";
			};
			name = Debug;
		};
		226D816C20151E3500FF0C11 /* Release */ = {
			isa = XCBuildConfiguration;
			baseConfigurationReference = FC20CCA9FA43A4D08C0D88B2 /* Pods-Github Trends.release.xcconfig */;
			buildSettings = {
				API_BASE_URL = "https://api.github.com/";
				ASSETCATALOG_COMPILER_APPICON_NAME = AppIcon;
				CODE_SIGN_STYLE = Automatic;
				DEVELOPMENT_TEAM = SQ3X9ZKRV4;
				GITHUB_DAILY_TRENDING_URL = "http://github-trends.ryotarai.info/rss/github_trends_all_daily.rss";
				GITHUB_PERSONAL_TOKEN = "< INSERT YOUR TOKEN HERE >";
				INFOPLIST_FILE = "Github Trends/Info.plist";
				IPHONEOS_DEPLOYMENT_TARGET = 14.1;
				LD_RUNPATH_SEARCH_PATHS = "$(inherited) @executable_path/Frameworks";
				PRODUCT_BUNDLE_IDENTIFIER = "com.SamuelTremblay.Github-Trends";
				PRODUCT_NAME = "$(TARGET_NAME)";
				SWIFT_VERSION = 5.0;
				TARGETED_DEVICE_FAMILY = "1,2";
			};
			name = Release;
		};
/* End XCBuildConfiguration section */

/* Begin XCConfigurationList section */
		226D815320151E3500FF0C11 /* Build configuration list for PBXProject "Github Trends" */ = {
			isa = XCConfigurationList;
			buildConfigurations = (
				226D816820151E3500FF0C11 /* Debug */,
				226D816920151E3500FF0C11 /* Release */,
			);
			defaultConfigurationIsVisible = 0;
			defaultConfigurationName = Release;
		};
		226D816A20151E3500FF0C11 /* Build configuration list for PBXNativeTarget "Github Trends" */ = {
			isa = XCConfigurationList;
			buildConfigurations = (
				226D816B20151E3500FF0C11 /* Debug */,
				226D816C20151E3500FF0C11 /* Release */,
			);
			defaultConfigurationIsVisible = 0;
			defaultConfigurationName = Release;
		};
/* End XCConfigurationList section */
	};
	rootObject = 226D815020151E3500FF0C11 /* Project object */;
}
